
Microsoft Visual Studio Solution File, Format Version 12.00
# Visual Studio Version 17
VisualStudioVersion = 17.11.35208.52
MinimumVisualStudioVersion = 10.0.40219.1
Project("{FAE04EC0-301F-11D3-BF4B-00C04F79EFBC}") = "Laboration_2", "Laboration_2.csproj", "{54B8B64C-E9E1-4707-B830-992665AB269B}"
EndProject
Global
	GlobalSection(SolutionConfigurationPlatforms) = preSolution
		Debug|Any CPU = Debug|Any CPU
		Release|Any CPU = Release|Any CPU
	EndGlobalSection
	GlobalSection(ProjectConfigurationPlatforms) = postSolution
		{54B8B64C-E9E1-4707-B830-992665AB269B}.Debug|Any CPU.ActiveCfg = Debug|Any CPU
		{54B8B64C-E9E1-4707-B830-992665AB269B}.Debug|Any CPU.Build.0 = Debug|Any CPU
		{54B8B64C-E9E1-4707-B830-992665AB269B}.Release|Any CPU.ActiveCfg = Release|Any CPU
		{54B8B64C-E9E1-4707-B830-992665AB269B}.Release|Any CPU.Build.0 = Release|Any CPU
	EndGlobalSection
	GlobalSection(SolutionProperties) = preSolution
		HideSolutionNode = FALSE
	EndGlobalSection
	GlobalSection(ExtensibilityGlobals) = postSolution
		SolutionGuid = {B9A94662-D6D8-4F02-BABB-AF88FEB029EC}
	EndGlobalSection
EndGlobal
